// !$*UTF8*$!
{
	archiveVersion = 1;
	classes = {
	};
	objectVersion = 55;
	objects = {

/* Begin PBXBuildFile section */
		442275D328A919E40046C7DF /* RingView.swift in Sources */ = {isa = PBXBuildFile; fileRef = 442275D228A919E40046C7DF /* RingView.swift */; };
		4429674528B64F3400CF1DBB /* CourseDetail.swift in Sources */ = {isa = PBXBuildFile; fileRef = 4429674428B64F3400CF1DBB /* CourseDetail.swift */; };
		4429674728B66D2000CF1DBB /* Data .swift in Sources */ = {isa = PBXBuildFile; fileRef = 4429674628B66D2000CF1DBB /* Data .swift */; };
		4429674B28B6724900CF1DBB /* PostList.swift in Sources */ = {isa = PBXBuildFile; fileRef = 4429674A28B6724900CF1DBB /* PostList.swift */; };
		4429674D28B67E6700CF1DBB /* DataStore.swift in Sources */ = {isa = PBXBuildFile; fileRef = 4429674C28B67E6700CF1DBB /* DataStore.swift */; };
		4429675028B6870900CF1DBB /* Contentful in Frameworks */ = {isa = PBXBuildFile; productRef = 4429674F28B6870900CF1DBB /* Contentful */; };
		4429675228B7942200CF1DBB /* CourseStore.swift in Sources */ = {isa = PBXBuildFile; fileRef = 4429675128B7942200CF1DBB /* CourseStore.swift */; };
		44324BA128B7E4A5003B8A89 /* SDWebImageSwiftUI in Frameworks */ = {isa = PBXBuildFile; productRef = 44324BA028B7E4A5003B8A89 /* SDWebImageSwiftUI */; };
		44324BA328B7ED06003B8A89 /* BlurView.swift in Sources */ = {isa = PBXBuildFile; fileRef = 44324BA228B7ED06003B8A89 /* BlurView.swift */; };
		44324BA528B805C7003B8A89 /* Buttons.swift in Sources */ = {isa = PBXBuildFile; fileRef = 44324BA428B805C7003B8A89 /* Buttons.swift */; };
		444365DF28BE797F00701790 /* Lottie in Frameworks */ = {isa = PBXBuildFile; productRef = 444365DE28BE797F00701790 /* Lottie */; };
		444365E128BE7CAD00701790 /* LottieView.swift in Sources */ = {isa = PBXBuildFile; fileRef = 444365E028BE7CAD00701790 /* LottieView.swift */; };
		444365E328BE7F1600701790 /* LoadingView.swift in Sources */ = {isa = PBXBuildFile; fileRef = 444365E228BE7F1600701790 /* LoadingView.swift */; };
		444365E528BE841F00701790 /* SuccessView.swift in Sources */ = {isa = PBXBuildFile; fileRef = 444365E428BE841F00701790 /* SuccessView.swift */; };
		444365E728BE8F0000701790 /* GoogleService-Info.plist in Resources */ = {isa = PBXBuildFile; fileRef = 444365E628BE8F0000701790 /* GoogleService-Info.plist */; };
		444365EE28BE959B00701790 /* FirebaseAuth in Frameworks */ = {isa = PBXBuildFile; productRef = 444365ED28BE959B00701790 /* FirebaseAuth */; };
		444365F028BE959B00701790 /* FirebaseStorage in Frameworks */ = {isa = PBXBuildFile; productRef = 444365EF28BE959B00701790 /* FirebaseStorage */; };
		444365F428BFADDB00701790 /* UserStore.swift in Sources */ = {isa = PBXBuildFile; fileRef = 444365F328BFADDB00701790 /* UserStore.swift */; };
		4495DECF28B11C7200A6FBDF /* View+extension.swift in Sources */ = {isa = PBXBuildFile; fileRef = 4495DECE28B11C7200A6FBDF /* View+extension.swift */; };
		44A1D9E628AADE1A00F8AC86 /* Modifiers.swift in Sources */ = {isa = PBXBuildFile; fileRef = 44A1D9E528AADE1A00F8AC86 /* Modifiers.swift */; };
		44A1D9E828AE663700F8AC86 /* CourseList.swift in Sources */ = {isa = PBXBuildFile; fileRef = 44A1D9E728AE663700F8AC86 /* CourseList.swift */; };
		44A8E13E28BD1616007E7FF0 /* LoginView.swift in Sources */ = {isa = PBXBuildFile; fileRef = 44A8E13D28BD1616007E7FF0 /* LoginView.swift */; };
		44A8E14128BE4EEA007E7FF0 /* success.json in Resources */ = {isa = PBXBuildFile; fileRef = 44A8E13F28BE4EE9007E7FF0 /* success.json */; };
		44A8E14228BE4EEA007E7FF0 /* loading.json in Resources */ = {isa = PBXBuildFile; fileRef = 44A8E14028BE4EE9007E7FF0 /* loading.json */; };
		44AF4ED828A90ADB00F66A36 /* UpdateDetail.swift in Sources */ = {isa = PBXBuildFile; fileRef = 44AF4ECC28A90ADB00F66A36 /* UpdateDetail.swift */; };
		44AF4ED928A90ADB00F66A36 /* Home .swift in Sources */ = {isa = PBXBuildFile; fileRef = 44AF4ECD28A90ADB00F66A36 /* Home .swift */; };
		44AF4EDA28A90ADB00F66A36 /* TabBar.swift in Sources */ = {isa = PBXBuildFile; fileRef = 44AF4ECE28A90ADB00F66A36 /* TabBar.swift */; };
		44AF4EDB28A90ADB00F66A36 /* ContentView.swift in Sources */ = {isa = PBXBuildFile; fileRef = 44AF4ECF28A90ADB00F66A36 /* ContentView.swift */; };
		44AF4EDC28A90ADB00F66A36 /* UpdateList.swift in Sources */ = {isa = PBXBuildFile; fileRef = 44AF4ED028A90ADB00F66A36 /* UpdateList.swift */; };
		44AF4EDD28A90ADB00F66A36 /* UpdateStore.swift in Sources */ = {isa = PBXBuildFile; fileRef = 44AF4ED128A90ADB00F66A36 /* UpdateStore.swift */; };
		44AF4EDE28A90ADB00F66A36 /* Assets.xcassets in Resources */ = {isa = PBXBuildFile; fileRef = 44AF4ED228A90ADB00F66A36 /* Assets.xcassets */; };
		44AF4EDF28A90ADB00F66A36 /* Color+extension.swift in Sources */ = {isa = PBXBuildFile; fileRef = 44AF4ED428A90ADB00F66A36 /* Color+extension.swift */; };
		44AF4EE028A90ADB00F66A36 /* HomeView.swift in Sources */ = {isa = PBXBuildFile; fileRef = 44AF4ED528A90ADB00F66A36 /* HomeView.swift */; };
		44AF4EE128A90ADB00F66A36 /* MenuView.swift in Sources */ = {isa = PBXBuildFile; fileRef = 44AF4ED628A90ADB00F66A36 /* MenuView.swift */; };
		44AF4EE428A90B2B00F66A36 /* Preview Assets.xcassets in Resources */ = {isa = PBXBuildFile; fileRef = 44AF4EE328A90B2B00F66A36 /* Preview Assets.xcassets */; };
		44AF4EE628A90B9400F66A36 /* Main.swift in Sources */ = {isa = PBXBuildFile; fileRef = 44AF4EE528A90B9400F66A36 /* Main.swift */; };
/* End PBXBuildFile section */

/* Begin PBXFileReference section */
		442275D228A919E40046C7DF /* RingView.swift */ = {isa = PBXFileReference; lastKnownFileType = sourcecode.swift; path = RingView.swift; sourceTree = "<group>"; };
		4429674428B64F3400CF1DBB /* CourseDetail.swift */ = {isa = PBXFileReference; lastKnownFileType = sourcecode.swift; path = CourseDetail.swift; sourceTree = "<group>"; };
		4429674628B66D2000CF1DBB /* Data .swift */ = {isa = PBXFileReference; lastKnownFileType = sourcecode.swift; path = "Data .swift"; sourceTree = "<group>"; };
		4429674A28B6724900CF1DBB /* PostList.swift */ = {isa = PBXFileReference; lastKnownFileType = sourcecode.swift; path = PostList.swift; sourceTree = "<group>"; };
		4429674C28B67E6700CF1DBB /* DataStore.swift */ = {isa = PBXFileReference; lastKnownFileType = sourcecode.swift; path = DataStore.swift; sourceTree = "<group>"; };
		4429675128B7942200CF1DBB /* CourseStore.swift */ = {isa = PBXFileReference; lastKnownFileType = sourcecode.swift; path = CourseStore.swift; sourceTree = "<group>"; };
		44324BA228B7ED06003B8A89 /* BlurView.swift */ = {isa = PBXFileReference; lastKnownFileType = sourcecode.swift; path = BlurView.swift; sourceTree = "<group>"; };
		44324BA428B805C7003B8A89 /* Buttons.swift */ = {isa = PBXFileReference; lastKnownFileType = sourcecode.swift; path = Buttons.swift; sourceTree = "<group>"; };
		444365E028BE7CAD00701790 /* LottieView.swift */ = {isa = PBXFileReference; lastKnownFileType = sourcecode.swift; path = LottieView.swift; sourceTree = "<group>"; };
		444365E228BE7F1600701790 /* LoadingView.swift */ = {isa = PBXFileReference; lastKnownFileType = sourcecode.swift; path = LoadingView.swift; sourceTree = "<group>"; };
		444365E428BE841F00701790 /* SuccessView.swift */ = {isa = PBXFileReference; lastKnownFileType = sourcecode.swift; path = SuccessView.swift; sourceTree = "<group>"; };
		444365E628BE8F0000701790 /* GoogleService-Info.plist */ = {isa = PBXFileReference; fileEncoding = 4; lastKnownFileType = text.plist.xml; path = "GoogleService-Info.plist"; sourceTree = "<group>"; };
		444365F328BFADDB00701790 /* UserStore.swift */ = {isa = PBXFileReference; lastKnownFileType = sourcecode.swift; path = UserStore.swift; sourceTree = "<group>"; };
		4495DECE28B11C7200A6FBDF /* View+extension.swift */ = {isa = PBXFileReference; lastKnownFileType = sourcecode.swift; path = "View+extension.swift"; sourceTree = "<group>"; };
		44A1D9E528AADE1A00F8AC86 /* Modifiers.swift */ = {isa = PBXFileReference; lastKnownFileType = sourcecode.swift; path = Modifiers.swift; sourceTree = "<group>"; };
		44A1D9E728AE663700F8AC86 /* CourseList.swift */ = {isa = PBXFileReference; lastKnownFileType = sourcecode.swift; path = CourseList.swift; sourceTree = "<group>"; };
		44A8E13D28BD1616007E7FF0 /* LoginView.swift */ = {isa = PBXFileReference; lastKnownFileType = sourcecode.swift; path = LoginView.swift; sourceTree = "<group>"; };
		44A8E13F28BE4EE9007E7FF0 /* success.json */ = {isa = PBXFileReference; fileEncoding = 4; lastKnownFileType = text.json; path = success.json; sourceTree = "<group>"; };
		44A8E14028BE4EE9007E7FF0 /* loading.json */ = {isa = PBXFileReference; fileEncoding = 4; lastKnownFileType = text.json; path = loading.json; sourceTree = "<group>"; };
		44AF4EB828A90A0B00F66A36 /* designCodeNew.app */ = {isa = PBXFileReference; explicitFileType = wrapper.application; includeInIndex = 0; path = designCodeNew.app; sourceTree = BUILT_PRODUCTS_DIR; };
		44AF4EC928A90ADB00F66A36 /* designCodeNew-Bridging-Header.h */ = {isa = PBXFileReference; lastKnownFileType = sourcecode.c.h; path = "designCodeNew-Bridging-Header.h"; sourceTree = "<group>"; };
		44AF4ECC28A90ADB00F66A36 /* UpdateDetail.swift */ = {isa = PBXFileReference; fileEncoding = 4; lastKnownFileType = sourcecode.swift; path = UpdateDetail.swift; sourceTree = "<group>"; };
		44AF4ECD28A90ADB00F66A36 /* Home .swift */ = {isa = PBXFileReference; fileEncoding = 4; lastKnownFileType = sourcecode.swift; path = "Home .swift"; sourceTree = "<group>"; };
		44AF4ECE28A90ADB00F66A36 /* TabBar.swift */ = {isa = PBXFileReference; fileEncoding = 4; lastKnownFileType = sourcecode.swift; path = TabBar.swift; sourceTree = "<group>"; };
		44AF4ECF28A90ADB00F66A36 /* ContentView.swift */ = {isa = PBXFileReference; fileEncoding = 4; lastKnownFileType = sourcecode.swift; path = ContentView.swift; sourceTree = "<group>"; };
		44AF4ED028A90ADB00F66A36 /* UpdateList.swift */ = {isa = PBXFileReference; fileEncoding = 4; lastKnownFileType = sourcecode.swift; path = UpdateList.swift; sourceTree = "<group>"; };
		44AF4ED128A90ADB00F66A36 /* UpdateStore.swift */ = {isa = PBXFileReference; fileEncoding = 4; lastKnownFileType = sourcecode.swift; path = UpdateStore.swift; sourceTree = "<group>"; };
		44AF4ED228A90ADB00F66A36 /* Assets.xcassets */ = {isa = PBXFileReference; lastKnownFileType = folder.assetcatalog; path = Assets.xcassets; sourceTree = "<group>"; };
		44AF4ED428A90ADB00F66A36 /* Color+extension.swift */ = {isa = PBXFileReference; fileEncoding = 4; lastKnownFileType = sourcecode.swift; path = "Color+extension.swift"; sourceTree = "<group>"; };
		44AF4ED528A90ADB00F66A36 /* HomeView.swift */ = {isa = PBXFileReference; fileEncoding = 4; lastKnownFileType = sourcecode.swift; path = HomeView.swift; sourceTree = "<group>"; };
		44AF4ED628A90ADB00F66A36 /* MenuView.swift */ = {isa = PBXFileReference; fileEncoding = 4; lastKnownFileType = sourcecode.swift; path = MenuView.swift; sourceTree = "<group>"; };
		44AF4EE328A90B2B00F66A36 /* Preview Assets.xcassets */ = {isa = PBXFileReference; lastKnownFileType = folder.assetcatalog; path = "Preview Assets.xcassets"; sourceTree = "<group>"; };
		44AF4EE528A90B9400F66A36 /* Main.swift */ = {isa = PBXFileReference; lastKnownFileType = sourcecode.swift; path = Main.swift; sourceTree = "<group>"; };
/* End PBXFileReference section */

/* Begin PBXFrameworksBuildPhase section */
		44AF4EB528A90A0B00F66A36 /* Frameworks */ = {
			isa = PBXFrameworksBuildPhase;
			buildActionMask = 2147483647;
			files = (
				44324BA128B7E4A5003B8A89 /* SDWebImageSwiftUI in Frameworks */,
				4429675028B6870900CF1DBB /* Contentful in Frameworks */,
				444365DF28BE797F00701790 /* Lottie in Frameworks */,
				444365F028BE959B00701790 /* FirebaseStorage in Frameworks */,
				444365EE28BE959B00701790 /* FirebaseAuth in Frameworks */,
			);
			runOnlyForDeploymentPostprocessing = 0;
		};
/* End PBXFrameworksBuildPhase section */

/* Begin PBXGroup section */
		44AF4EAF28A90A0B00F66A36 = {
			isa = PBXGroup;
			children = (
				44AF4EBA28A90A0B00F66A36 /* designCodeNew */,
				44AF4EB928A90A0B00F66A36 /* Products */,
			);
			sourceTree = "<group>";
		};
		44AF4EB928A90A0B00F66A36 /* Products */ = {
			isa = PBXGroup;
			children = (
				44AF4EB828A90A0B00F66A36 /* designCodeNew.app */,
			);
			name = Products;
			sourceTree = "<group>";
		};
		44AF4EBA28A90A0B00F66A36 /* designCodeNew */ = {
			isa = PBXGroup;
			children = (
				44AF4EE228A90B2B00F66A36 /* Preview Content */,
				44AF4ED228A90ADB00F66A36 /* Assets.xcassets */,
				44AF4ECF28A90ADB00F66A36 /* ContentView.swift */,
				442275D228A919E40046C7DF /* RingView.swift */,
				44A1D9E528AADE1A00F8AC86 /* Modifiers.swift */,
				44AF4EE528A90B9400F66A36 /* Main.swift */,
				44AF4ECD28A90ADB00F66A36 /* Home .swift */,
				44AF4ED528A90ADB00F66A36 /* HomeView.swift */,
				44A8E13D28BD1616007E7FF0 /* LoginView.swift */,
				444365F328BFADDB00701790 /* UserStore.swift */,
				44A1D9E728AE663700F8AC86 /* CourseList.swift */,
				4429675128B7942200CF1DBB /* CourseStore.swift */,
				4429674428B64F3400CF1DBB /* CourseDetail.swift */,
				44AF4ED628A90ADB00F66A36 /* MenuView.swift */,
				44AF4ECE28A90ADB00F66A36 /* TabBar.swift */,
				44324BA228B7ED06003B8A89 /* BlurView.swift */,
				444365E028BE7CAD00701790 /* LottieView.swift */,
				444365E228BE7F1600701790 /* LoadingView.swift */,
				444365E428BE841F00701790 /* SuccessView.swift */,
				44324BA428B805C7003B8A89 /* Buttons.swift */,
				44AF4ECC28A90ADB00F66A36 /* UpdateDetail.swift */,
				44AF4ED028A90ADB00F66A36 /* UpdateList.swift */,
				44AF4ED128A90ADB00F66A36 /* UpdateStore.swift */,
				4429674628B66D2000CF1DBB /* Data .swift */,
				4429674C28B67E6700CF1DBB /* DataStore.swift */,
				4429674A28B6724900CF1DBB /* PostList.swift */,
				44AF4ED428A90ADB00F66A36 /* Color+extension.swift */,
				44A8E14028BE4EE9007E7FF0 /* loading.json */,
				44A8E13F28BE4EE9007E7FF0 /* success.json */,
				444365E628BE8F0000701790 /* GoogleService-Info.plist */,
				4495DECE28B11C7200A6FBDF /* View+extension.swift */,
				44AF4EC928A90ADB00F66A36 /* designCodeNew-Bridging-Header.h */,
			);
			path = designCodeNew;
			sourceTree = "<group>";
		};
		44AF4EE228A90B2B00F66A36 /* Preview Content */ = {
			isa = PBXGroup;
			children = (
				44AF4EE328A90B2B00F66A36 /* Preview Assets.xcassets */,
			);
			path = "Preview Content";
			sourceTree = "<group>";
		};
/* End PBXGroup section */

/* Begin PBXNativeTarget section */
		44AF4EB728A90A0B00F66A36 /* designCodeNew */ = {
			isa = PBXNativeTarget;
			buildConfigurationList = 44AF4EC628A90A0D00F66A36 /* Build configuration list for PBXNativeTarget "designCodeNew" */;
			buildPhases = (
				44AF4EB428A90A0B00F66A36 /* Sources */,
				44AF4EB528A90A0B00F66A36 /* Frameworks */,
				44AF4EB628A90A0B00F66A36 /* Resources */,
			);
			buildRules = (
			);
			dependencies = (
			);
			name = designCodeNew;
			packageProductDependencies = (
				4429674F28B6870900CF1DBB /* Contentful */,
				44324BA028B7E4A5003B8A89 /* SDWebImageSwiftUI */,
				444365DE28BE797F00701790 /* Lottie */,
				444365ED28BE959B00701790 /* FirebaseAuth */,
				444365EF28BE959B00701790 /* FirebaseStorage */,
			);
			productName = designCodeNew;
			productReference = 44AF4EB828A90A0B00F66A36 /* designCodeNew.app */;
			productType = "com.apple.product-type.application";
		};
/* End PBXNativeTarget section */

/* Begin PBXProject section */
		44AF4EB028A90A0B00F66A36 /* Project object */ = {
			isa = PBXProject;
			attributes = {
				BuildIndependentTargetsInParallel = 1;
				LastSwiftUpdateCheck = 1340;
				LastUpgradeCheck = 1340;
				TargetAttributes = {
					44AF4EB728A90A0B00F66A36 = {
						CreatedOnToolsVersion = 13.4.1;
						LastSwiftMigration = 1340;
					};
				};
			};
			buildConfigurationList = 44AF4EB328A90A0B00F66A36 /* Build configuration list for PBXProject "designCodeNew" */;
			compatibilityVersion = "Xcode 13.0";
			developmentRegion = en;
			hasScannedForEncodings = 0;
			knownRegions = (
				en,
				Base,
			);
			mainGroup = 44AF4EAF28A90A0B00F66A36;
			packageReferences = (
				4429674E28B6870900CF1DBB /* XCRemoteSwiftPackageReference "contentful.swift" */,
				44324B9F28B7E4A5003B8A89 /* XCRemoteSwiftPackageReference "SDWebImageSwiftUI" */,
				444365DD28BE797F00701790 /* XCRemoteSwiftPackageReference "lottie-ios" */,
				444365EC28BE959B00701790 /* XCRemoteSwiftPackageReference "firebase-ios-sdk" */,
			);
			productRefGroup = 44AF4EB928A90A0B00F66A36 /* Products */;
			projectDirPath = "";
			projectRoot = "";
			targets = (
				44AF4EB728A90A0B00F66A36 /* designCodeNew */,
			);
		};
/* End PBXProject section */

/* Begin PBXResourcesBuildPhase section */
		44AF4EB628A90A0B00F66A36 /* Resources */ = {
			isa = PBXResourcesBuildPhase;
			buildActionMask = 2147483647;
			files = (
				44AF4EE428A90B2B00F66A36 /* Preview Assets.xcassets in Resources */,
				44AF4EDE28A90ADB00F66A36 /* Assets.xcassets in Resources */,
				444365E728BE8F0000701790 /* GoogleService-Info.plist in Resources */,
				44A8E14228BE4EEA007E7FF0 /* loading.json in Resources */,
				44A8E14128BE4EEA007E7FF0 /* success.json in Resources */,
			);
			runOnlyForDeploymentPostprocessing = 0;
		};
/* End PBXResourcesBuildPhase section */

/* Begin PBXSourcesBuildPhase section */
		44AF4EB428A90A0B00F66A36 /* Sources */ = {
			isa = PBXSourcesBuildPhase;
			buildActionMask = 2147483647;
			files = (
				44324BA528B805C7003B8A89 /* Buttons.swift in Sources */,
				4429674728B66D2000CF1DBB /* Data .swift in Sources */,
				44AF4EE628A90B9400F66A36 /* Main.swift in Sources */,
				44AF4EDC28A90ADB00F66A36 /* UpdateList.swift in Sources */,
				4495DECF28B11C7200A6FBDF /* View+extension.swift in Sources */,
				444365E328BE7F1600701790 /* LoadingView.swift in Sources */,
				4429674528B64F3400CF1DBB /* CourseDetail.swift in Sources */,
				444365E528BE841F00701790 /* SuccessView.swift in Sources */,
				44AF4EDA28A90ADB00F66A36 /* TabBar.swift in Sources */,
				44AF4EDF28A90ADB00F66A36 /* Color+extension.swift in Sources */,
				44A8E13E28BD1616007E7FF0 /* LoginView.swift in Sources */,
				4429674D28B67E6700CF1DBB /* DataStore.swift in Sources */,
				444365F428BFADDB00701790 /* UserStore.swift in Sources */,
				44A1D9E628AADE1A00F8AC86 /* Modifiers.swift in Sources */,
				44AF4ED828A90ADB00F66A36 /* UpdateDetail.swift in Sources */,
				442275D328A919E40046C7DF /* RingView.swift in Sources */,
				44AF4EE128A90ADB00F66A36 /* MenuView.swift in Sources */,
				44AF4EDB28A90ADB00F66A36 /* ContentView.swift in Sources */,
				44AF4EE028A90ADB00F66A36 /* HomeView.swift in Sources */,
				44AF4EDD28A90ADB00F66A36 /* UpdateStore.swift in Sources */,
				4429675228B7942200CF1DBB /* CourseStore.swift in Sources */,
				4429674B28B6724900CF1DBB /* PostList.swift in Sources */,
				44324BA328B7ED06003B8A89 /* BlurView.swift in Sources */,
				444365E128BE7CAD00701790 /* LottieView.swift in Sources */,
				44AF4ED928A90ADB00F66A36 /* Home .swift in Sources */,
				44A1D9E828AE663700F8AC86 /* CourseList.swift in Sources */,
			);
			runOnlyForDeploymentPostprocessing = 0;
		};
/* End PBXSourcesBuildPhase section */

/* Begin XCBuildConfiguration section */
		44AF4EC428A90A0D00F66A36 /* Debug */ = {
			isa = XCBuildConfiguration;
			buildSettings = {
				ALWAYS_SEARCH_USER_PATHS = NO;
				CLANG_ANALYZER_NONNULL = YES;
				CLANG_ANALYZER_NUMBER_OBJECT_CONVERSION = YES_AGGRESSIVE;
				CLANG_CXX_LANGUAGE_STANDARD = "gnu++17";
				CLANG_ENABLE_MODULES = YES;
				CLANG_ENABLE_OBJC_ARC = YES;
				CLANG_ENABLE_OBJC_WEAK = YES;
				CLANG_WARN_BLOCK_CAPTURE_AUTORELEASING = YES;
				CLANG_WARN_BOOL_CONVERSION = YES;
				CLANG_WARN_COMMA = YES;
				CLANG_WARN_CONSTANT_CONVERSION = YES;
				CLANG_WARN_DEPRECATED_OBJC_IMPLEMENTATIONS = YES;
				CLANG_WARN_DIRECT_OBJC_ISA_USAGE = YES_ERROR;
				CLANG_WARN_DOCUMENTATION_COMMENTS = YES;
				CLANG_WARN_EMPTY_BODY = YES;
				CLANG_WARN_ENUM_CONVERSION = YES;
				CLANG_WARN_INFINITE_RECURSION = YES;
				CLANG_WARN_INT_CONVERSION = YES;
				CLANG_WARN_NON_LITERAL_NULL_CONVERSION = YES;
				CLANG_WARN_OBJC_IMPLICIT_RETAIN_SELF = YES;
				CLANG_WARN_OBJC_LITERAL_CONVERSION = YES;
				CLANG_WARN_OBJC_ROOT_CLASS = YES_ERROR;
				CLANG_WARN_QUOTED_INCLUDE_IN_FRAMEWORK_HEADER = YES;
				CLANG_WARN_RANGE_LOOP_ANALYSIS = YES;
				CLANG_WARN_STRICT_PROTOTYPES = YES;
				CLANG_WARN_SUSPICIOUS_MOVE = YES;
				CLANG_WARN_UNGUARDED_AVAILABILITY = YES_AGGRESSIVE;
				CLANG_WARN_UNREACHABLE_CODE = YES;
				CLANG_WARN__DUPLICATE_METHOD_MATCH = YES;
				COPY_PHASE_STRIP = NO;
				DEBUG_INFORMATION_FORMAT = dwarf;
				ENABLE_STRICT_OBJC_MSGSEND = YES;
				ENABLE_TESTABILITY = YES;
				GCC_C_LANGUAGE_STANDARD = gnu11;
				GCC_DYNAMIC_NO_PIC = NO;
				GCC_NO_COMMON_BLOCKS = YES;
				GCC_OPTIMIZATION_LEVEL = 0;
				GCC_PREPROCESSOR_DEFINITIONS = (
					"DEBUG=1",
					"$(inherited)",
				);
				GCC_WARN_64_TO_32_BIT_CONVERSION = YES;
				GCC_WARN_ABOUT_RETURN_TYPE = YES_ERROR;
				GCC_WARN_UNDECLARED_SELECTOR = YES;
				GCC_WARN_UNINITIALIZED_AUTOS = YES_AGGRESSIVE;
				GCC_WARN_UNUSED_FUNCTION = YES;
				GCC_WARN_UNUSED_VARIABLE = YES;
				IPHONEOS_DEPLOYMENT_TARGET = 15.5;
				MTL_ENABLE_DEBUG_INFO = INCLUDE_SOURCE;
				MTL_FAST_MATH = YES;
				ONLY_ACTIVE_ARCH = YES;
				SDKROOT = iphoneos;
				SWIFT_ACTIVE_COMPILATION_CONDITIONS = DEBUG;
				SWIFT_OPTIMIZATION_LEVEL = "-Onone";
			};
			name = Debug;
		};
		44AF4EC528A90A0D00F66A36 /* Release */ = {
			isa = XCBuildConfiguration;
			buildSettings = {
				ALWAYS_SEARCH_USER_PATHS = NO;
				CLANG_ANALYZER_NONNULL = YES;
				CLANG_ANALYZER_NUMBER_OBJECT_CONVERSION = YES_AGGRESSIVE;
				CLANG_CXX_LANGUAGE_STANDARD = "gnu++17";
				CLANG_ENABLE_MODULES = YES;
				CLANG_ENABLE_OBJC_ARC = YES;
				CLANG_ENABLE_OBJC_WEAK = YES;
				CLANG_WARN_BLOCK_CAPTURE_AUTORELEASING = YES;
				CLANG_WARN_BOOL_CONVERSION = YES;
				CLANG_WARN_COMMA = YES;
				CLANG_WARN_CONSTANT_CONVERSION = YES;
				CLANG_WARN_DEPRECATED_OBJC_IMPLEMENTATIONS = YES;
				CLANG_WARN_DIRECT_OBJC_ISA_USAGE = YES_ERROR;
				CLANG_WARN_DOCUMENTATION_COMMENTS = YES;
				CLANG_WARN_EMPTY_BODY = YES;
				CLANG_WARN_ENUM_CONVERSION = YES;
				CLANG_WARN_INFINITE_RECURSION = YES;
				CLANG_WARN_INT_CONVERSION = YES;
				CLANG_WARN_NON_LITERAL_NULL_CONVERSION = YES;
				CLANG_WARN_OBJC_IMPLICIT_RETAIN_SELF = YES;
				CLANG_WARN_OBJC_LITERAL_CONVERSION = YES;
				CLANG_WARN_OBJC_ROOT_CLASS = YES_ERROR;
				CLANG_WARN_QUOTED_INCLUDE_IN_FRAMEWORK_HEADER = YES;
				CLANG_WARN_RANGE_LOOP_ANALYSIS = YES;
				CLANG_WARN_STRICT_PROTOTYPES = YES;
				CLANG_WARN_SUSPICIOUS_MOVE = YES;
				CLANG_WARN_UNGUARDED_AVAILABILITY = YES_AGGRESSIVE;
				CLANG_WARN_UNREACHABLE_CODE = YES;
				CLANG_WARN__DUPLICATE_METHOD_MATCH = YES;
				COPY_PHASE_STRIP = NO;
				DEBUG_INFORMATION_FORMAT = "dwarf-with-dsym";
				ENABLE_NS_ASSERTIONS = NO;
				ENABLE_STRICT_OBJC_MSGSEND = YES;
				GCC_C_LANGUAGE_STANDARD = gnu11;
				GCC_NO_COMMON_BLOCKS = YES;
				GCC_WARN_64_TO_32_BIT_CONVERSION = YES;
				GCC_WARN_ABOUT_RETURN_TYPE = YES_ERROR;
				GCC_WARN_UNDECLARED_SELECTOR = YES;
				GCC_WARN_UNINITIALIZED_AUTOS = YES_AGGRESSIVE;
				GCC_WARN_UNUSED_FUNCTION = YES;
				GCC_WARN_UNUSED_VARIABLE = YES;
				IPHONEOS_DEPLOYMENT_TARGET = 15.5;
				MTL_ENABLE_DEBUG_INFO = NO;
				MTL_FAST_MATH = YES;
				SDKROOT = iphoneos;
				SWIFT_COMPILATION_MODE = wholemodule;
				SWIFT_OPTIMIZATION_LEVEL = "-O";
				VALIDATE_PRODUCT = YES;
			};
			name = Release;
		};
		44AF4EC728A90A0D00F66A36 /* Debug */ = {
			isa = XCBuildConfiguration;
			buildSettings = {
				ASSETCATALOG_COMPILER_APPICON_NAME = AppIcon;
				ASSETCATALOG_COMPILER_GLOBAL_ACCENT_COLOR_NAME = AccentColor;
				CLANG_ENABLE_MODULES = YES;
				CODE_SIGN_STYLE = Automatic;
				CURRENT_PROJECT_VERSION = 1;
				DEAD_CODE_STRIPPING = NO;
				DEVELOPMENT_ASSET_PATHS = "\"designCodeNew/Preview Content\"";
				DEVELOPMENT_TEAM = 2BJJLUYA64;
				ENABLE_PREVIEWS = YES;
				GENERATE_INFOPLIST_FILE = YES;
				INFOPLIST_KEY_UIApplicationSceneManifest_Generation = YES;
				INFOPLIST_KEY_UIApplicationSupportsIndirectInputEvents = YES;
				INFOPLIST_KEY_UILaunchScreen_Generation = YES;
				INFOPLIST_KEY_UISupportedInterfaceOrientations_iPad = "UIInterfaceOrientationPortrait UIInterfaceOrientationPortraitUpsideDown UIInterfaceOrientationLandscapeLeft UIInterfaceOrientationLandscapeRight";
				INFOPLIST_KEY_UISupportedInterfaceOrientations_iPhone = "UIInterfaceOrientationPortrait UIInterfaceOrientationLandscapeLeft UIInterfaceOrientationLandscapeRight";
				LD_RUNPATH_SEARCH_PATHS = (
					"$(inherited)",
					"@executable_path/Frameworks",
				);
				MARKETING_VERSION = 1.0;
				PRODUCT_BUNDLE_IDENTIFIER = io.designcode.designCodeNew;
				PRODUCT_NAME = "$(TARGET_NAME)";
				SWIFT_EMIT_LOC_STRINGS = YES;
				SWIFT_OBJC_BRIDGING_HEADER = "designCodeNew/designCodeNew-Bridging-Header.h";
				SWIFT_OPTIMIZATION_LEVEL = "-Onone";
				SWIFT_VERSION = 5.0;
				TARGETED_DEVICE_FAMILY = "1,2";
			};
			name = Debug;
		};
		44AF4EC828A90A0D00F66A36 /* Release */ = {
			isa = XCBuildConfiguration;
			buildSettings = {
				ASSETCATALOG_COMPILER_APPICON_NAME = AppIcon;
				ASSETCATALOG_COMPILER_GLOBAL_ACCENT_COLOR_NAME = AccentColor;
				CLANG_ENABLE_MODULES = YES;
				CODE_SIGN_STYLE = Automatic;
				CURRENT_PROJECT_VERSION = 1;
				DEAD_CODE_STRIPPING = NO;
				DEVELOPMENT_ASSET_PATHS = "\"designCodeNew/Preview Content\"";
				DEVELOPMENT_TEAM = 2BJJLUYA64;
				ENABLE_PREVIEWS = YES;
				GENERATE_INFOPLIST_FILE = YES;
				INFOPLIST_KEY_UIApplicationSceneManifest_Generation = YES;
				INFOPLIST_KEY_UIApplicationSupportsIndirectInputEvents = YES;
				INFOPLIST_KEY_UILaunchScreen_Generation = YES;
				INFOPLIST_KEY_UISupportedInterfaceOrientations_iPad = "UIInterfaceOrientationPortrait UIInterfaceOrientationPortraitUpsideDown UIInterfaceOrientationLandscapeLeft UIInterfaceOrientationLandscapeRight";
				INFOPLIST_KEY_UISupportedInterfaceOrientations_iPhone = "UIInterfaceOrientationPortrait UIInterfaceOrientationLandscapeLeft UIInterfaceOrientationLandscapeRight";
				LD_RUNPATH_SEARCH_PATHS = (
					"$(inherited)",
					"@executable_path/Frameworks",
				);
				MARKETING_VERSION = 1.0;
				PRODUCT_BUNDLE_IDENTIFIER = io.designcode.designCodeNew;
				PRODUCT_NAME = "$(TARGET_NAME)";
				SWIFT_EMIT_LOC_STRINGS = YES;
				SWIFT_OBJC_BRIDGING_HEADER = "designCodeNew/designCodeNew-Bridging-Header.h";
				SWIFT_VERSION = 5.0;
				TARGETED_DEVICE_FAMILY = "1,2";
			};
			name = Release;
		};
/* End XCBuildConfiguration section */

/* Begin XCConfigurationList section */
		44AF4EB328A90A0B00F66A36 /* Build configuration list for PBXProject "designCodeNew" */ = {
			isa = XCConfigurationList;
			buildConfigurations = (
				44AF4EC428A90A0D00F66A36 /* Debug */,
				44AF4EC528A90A0D00F66A36 /* Release */,
			);
			defaultConfigurationIsVisible = 0;
			defaultConfigurationName = Release;
		};
		44AF4EC628A90A0D00F66A36 /* Build configuration list for PBXNativeTarget "designCodeNew" */ = {
			isa = XCConfigurationList;
			buildConfigurations = (
				44AF4EC728A90A0D00F66A36 /* Debug */,
				44AF4EC828A90A0D00F66A36 /* Release */,
			);
			defaultConfigurationIsVisible = 0;
			defaultConfigurationName = Release;
		};
/* End XCConfigurationList section */

/* Begin XCRemoteSwiftPackageReference section */
		4429674E28B6870900CF1DBB /* XCRemoteSwiftPackageReference "contentful.swift" */ = {
			isa = XCRemoteSwiftPackageReference;
			repositoryURL = "https://github.com/contentful/contentful.swift.git";
			requirement = {
				kind = upToNextMajorVersion;
				minimumVersion = 5.0.0;
			};
		};
		44324B9F28B7E4A5003B8A89 /* XCRemoteSwiftPackageReference "SDWebImageSwiftUI" */ = {
			isa = XCRemoteSwiftPackageReference;
			repositoryURL = "https://github.com/SDWebImage/SDWebImageSwiftUI.git";
			requirement = {
				kind = upToNextMajorVersion;
				minimumVersion = 2.0.0;
			};
		};
		444365DD28BE797F00701790 /* XCRemoteSwiftPackageReference "lottie-ios" */ = {
			isa = XCRemoteSwiftPackageReference;
			repositoryURL = "https://github.com/airbnb/lottie-ios.git";
			requirement = {
				kind = upToNextMajorVersion;
				minimumVersion = 3.0.0;
			};
		};
		444365EC28BE959B00701790 /* XCRemoteSwiftPackageReference "firebase-ios-sdk" */ = {
			isa = XCRemoteSwiftPackageReference;
			repositoryURL = "https://github.com/firebase/firebase-ios-sdk";
			requirement = {
				branch = master;
				kind = branch;
			};
		};
/* End XCRemoteSwiftPackageReference section */

/* Begin XCSwiftPackageProductDependency section */
		4429674F28B6870900CF1DBB /* Contentful */ = {
			isa = XCSwiftPackageProductDependency;
			package = 4429674E28B6870900CF1DBB /* XCRemoteSwiftPackageReference "contentful.swift" */;
			productName = Contentful;
		};
		44324BA028B7E4A5003B8A89 /* SDWebImageSwiftUI */ = {
			isa = XCSwiftPackageProductDependency;
			package = 44324B9F28B7E4A5003B8A89 /* XCRemoteSwiftPackageReference "SDWebImageSwiftUI" */;
			productName = SDWebImageSwiftUI;
		};
		444365DE28BE797F00701790 /* Lottie */ = {
			isa = XCSwiftPackageProductDependency;
			package = 444365DD28BE797F00701790 /* XCRemoteSwiftPackageReference "lottie-ios" */;
			productName = Lottie;
		};
		444365ED28BE959B00701790 /* FirebaseAuth */ = {
			isa = XCSwiftPackageProductDependency;
			package = 444365EC28BE959B00701790 /* XCRemoteSwiftPackageReference "firebase-ios-sdk" */;
			productName = FirebaseAuth;
		};
		444365EF28BE959B00701790 /* FirebaseStorage */ = {
			isa = XCSwiftPackageProductDependency;
			package = 444365EC28BE959B00701790 /* XCRemoteSwiftPackageReference "firebase-ios-sdk" */;
			productName = FirebaseStorage;
		};
/* End XCSwiftPackageProductDependency section */
	};
	rootObject = 44AF4EB028A90A0B00F66A36 /* Project object */;
}
